
Microsoft Visual Studio Solution File, Format Version 12.00
# Visual Studio Version 17
VisualStudioVersion = 17.13.35818.85 d17.13
MinimumVisualStudioVersion = 10.0.40219.1
Project("{FAE04EC0-301F-11D3-BF4B-00C04F79EFBC}") = "EncuestaApi", "EncuestaApi\EncuestaApi.csproj", "{CEE5CF6C-7ED2-439B-AE80-68081EAAAEF0}"
EndProject
Project("{FAE04EC0-301F-11D3-BF4B-00C04F79EFBC}") = "WebEncuesta", "WebEncuesta\WebEncuesta.csproj", "{3DE40481-41BB-45E3-8FB3-DC7DDC4EE904}"
EndProject
Global
	GlobalSection(SolutionConfigurationPlatforms) = preSolution
		Debug|Any CPU = Debug|Any CPU
		Release|Any CPU = Release|Any CPU
	EndGlobalSection
	GlobalSection(ProjectConfigurationPlatforms) = postSolution
		{CEE5CF6C-7ED2-439B-AE80-68081EAAAEF0}.Debug|Any CPU.ActiveCfg = Debug|Any CPU
		{CEE5CF6C-7ED2-439B-AE80-68081EAAAEF0}.Debug|Any CPU.Build.0 = Debug|Any CPU
		{CEE5CF6C-7ED2-439B-AE80-68081EAAAEF0}.Release|Any CPU.ActiveCfg = Release|Any CPU
		{CEE5CF6C-7ED2-439B-AE80-68081EAAAEF0}.Release|Any CPU.Build.0 = Release|Any CPU
		{3DE40481-41BB-45E3-8FB3-DC7DDC4EE904}.Debug|Any CPU.ActiveCfg = Debug|Any CPU
		{3DE40481-41BB-45E3-8FB3-DC7DDC4EE904}.Debug|Any CPU.Build.0 = Debug|Any CPU
		{3DE40481-41BB-45E3-8FB3-DC7DDC4EE904}.Release|Any CPU.ActiveCfg = Release|Any CPU
		{3DE40481-41BB-45E3-8FB3-DC7DDC4EE904}.Release|Any CPU.Build.0 = Release|Any CPU
	EndGlobalSection
	GlobalSection(SolutionProperties) = preSolution
		HideSolutionNode = FALSE
	EndGlobalSection
	GlobalSection(ExtensibilityGlobals) = postSolution
		SolutionGuid = {29D6BDCC-1AFC-4B2D-AD6A-B6D0336B5F9E}
	EndGlobalSection
EndGlobal
